{
  "name": "nft-marketplace-design",
  "version": "1.0.0",
  "lockfileVersion": 2,
  "requires": true,
  "packages": {
    "": {
      "name": "nft-marketplace-design",
      "version": "1.0.0",
      "license": "ISC",
      "dependencies": {
        "typeit": "^8.5.4"
      }
    },
    "node_modules/typeit": {
      "version": "8.5.4",
      "resolved": "https://registry.npmjs.org/typeit/-/typeit-8.5.4.tgz",
      "integrity": "sha512-ceEftvAFBmBZlaaWSgcUx2oxKa/BvaD7s1Ahzu4bhYiPCOdkMkMWSjQCmbjymVlF1wbIK4JNhJjIbZtBYkfz9A==",
      "hasInstallScript": true
    }
  },
  "dependencies": {
    "typeit": {
      "version": "8.5.4",
      "resolved": "https://registry.npmjs.org/typeit/-/typeit-8.5.4.tgz",
      "integrity": "sha512-ceEftvAFBmBZlaaWSgcUx2oxKa/BvaD7s1Ahzu4bhYiPCOdkMkMWSjQCmbjymVlF1wbIK4JNhJjIbZtBYkfz9A=="
    }
  }
}
